PODS:
  - Flutter (1.0.0)
  - flutter_wallet (0.0.1):
    - Flutter

DEPENDENCIES:
  - Flutter (from `Flutter`)
  - flutter_wallet (from `.symlinks/plugins/flutter_wallet/ios`)

EXTERNAL SOURCES:
  Flutter:
    :path: Flutter
  flutter_wallet:
    :path: ".symlinks/plugins/flutter_wallet/ios"

SPEC CHECKSUMS:
  Flutter: 434fef37c0980e73bb6479ef766c45957d4b510c
  flutter_wallet: 467578791bebf9ea1505148efe8e2c037161d00e

PODFILE CHECKSUM: aafe91acc616949ddb318b77800a7f51bffa2a4c

COCOAPODS: 1.11.2
